
Microsoft Visual Studio Solution File, Format Version 12.00
# Visual Studio 15
VisualStudioVersion = 15.0.26124.0
MinimumVisualStudioVersion = 15.0.26124.0
Project("{FAE04EC0-301F-11D3-BF4B-00C04F79EFBC}") = "Domain", "Domain\Domain.csproj", "{75433F3F-E5BF-4D0B-9FC8-687D8213216B}"
EndProject
Project("{FAE04EC0-301F-11D3-BF4B-00C04F79EFBC}") = "Application", "Application\Application.csproj", "{AF54012C-6D0B-44E2-B9EE-B26D944D38D1}"
EndProject
Project("{FAE04EC0-301F-11D3-BF4B-00C04F79EFBC}") = "Persistence", "Persistence\Persistence.csproj", "{C90F9BE6-5DB5-4C94-9BEA-1ED83E8EA3C1}"
EndProject
Project("{FAE04EC0-301F-11D3-BF4B-00C04F79EFBC}") = "API", "API\API.csproj", "{9BB37AC1-5F39-4176-B7BD-338F396A9683}"
EndProject
Global
	GlobalSection(SolutionConfigurationPlatforms) = preSolution
		Debug|Any CPU = Debug|Any CPU
		Debug|x64 = Debug|x64
		Debug|x86 = Debug|x86
		Release|Any CPU = Release|Any CPU
		Release|x64 = Release|x64
		Release|x86 = Release|x86
	EndGlobalSection
	GlobalSection(SolutionProperties) = preSolution
		HideSolutionNode = FALSE
	EndGlobalSection
	GlobalSection(ProjectConfigurationPlatforms) = postSolution
		{75433F3F-E5BF-4D0B-9FC8-687D8213216B}.Debug|Any CPU.ActiveCfg = Debug|Any CPU
		{75433F3F-E5BF-4D0B-9FC8-687D8213216B}.Debug|Any CPU.Build.0 = Debug|Any CPU
		{75433F3F-E5BF-4D0B-9FC8-687D8213216B}.Debug|x64.ActiveCfg = Debug|Any CPU
		{75433F3F-E5BF-4D0B-9FC8-687D8213216B}.Debug|x64.Build.0 = Debug|Any CPU
		{75433F3F-E5BF-4D0B-9FC8-687D8213216B}.Debug|x86.ActiveCfg = Debug|Any CPU
		{75433F3F-E5BF-4D0B-9FC8-687D8213216B}.Debug|x86.Build.0 = Debug|Any CPU
		{75433F3F-E5BF-4D0B-9FC8-687D8213216B}.Release|Any CPU.ActiveCfg = Release|Any CPU
		{75433F3F-E5BF-4D0B-9FC8-687D8213216B}.Release|Any CPU.Build.0 = Release|Any CPU
		{75433F3F-E5BF-4D0B-9FC8-687D8213216B}.Release|x64.ActiveCfg = Release|Any CPU
		{75433F3F-E5BF-4D0B-9FC8-687D8213216B}.Release|x64.Build.0 = Release|Any CPU
		{75433F3F-E5BF-4D0B-9FC8-687D8213216B}.Release|x86.ActiveCfg = Release|Any CPU
		{75433F3F-E5BF-4D0B-9FC8-687D8213216B}.Release|x86.Build.0 = Release|Any CPU
		{AF54012C-6D0B-44E2-B9EE-B26D944D38D1}.Debug|Any CPU.ActiveCfg = Debug|Any CPU
		{AF54012C-6D0B-44E2-B9EE-B26D944D38D1}.Debug|Any CPU.Build.0 = Debug|Any CPU
		{AF54012C-6D0B-44E2-B9EE-B26D944D38D1}.Debug|x64.ActiveCfg = Debug|Any CPU
		{AF54012C-6D0B-44E2-B9EE-B26D944D38D1}.Debug|x64.Build.0 = Debug|Any CPU
		{AF54012C-6D0B-44E2-B9EE-B26D944D38D1}.Debug|x86.ActiveCfg = Debug|Any CPU
		{AF54012C-6D0B-44E2-B9EE-B26D944D38D1}.Debug|x86.Build.0 = Debug|Any CPU
		{AF54012C-6D0B-44E2-B9EE-B26D944D38D1}.Release|Any CPU.ActiveCfg = Release|Any CPU
		{AF54012C-6D0B-44E2-B9EE-B26D944D38D1}.Release|Any CPU.Build.0 = Release|Any CPU
		{AF54012C-6D0B-44E2-B9EE-B26D944D38D1}.Release|x64.ActiveCfg = Release|Any CPU
		{AF54012C-6D0B-44E2-B9EE-B26D944D38D1}.Release|x64.Build.0 = Release|Any CPU
		{AF54012C-6D0B-44E2-B9EE-B26D944D38D1}.Release|x86.ActiveCfg = Release|Any CPU
		{AF54012C-6D0B-44E2-B9EE-B26D944D38D1}.Release|x86.Build.0 = Release|Any CPU
		{C90F9BE6-5DB5-4C94-9BEA-1ED83E8EA3C1}.Debug|Any CPU.ActiveCfg = Debug|Any CPU
		{C90F9BE6-5DB5-4C94-9BEA-1ED83E8EA3C1}.Debug|Any CPU.Build.0 = Debug|Any CPU
		{C90F9BE6-5DB5-4C94-9BEA-1ED83E8EA3C1}.Debug|x64.ActiveCfg = Debug|Any CPU
		{C90F9BE6-5DB5-4C94-9BEA-1ED83E8EA3C1}.Debug|x64.Build.0 = Debug|Any CPU
		{C90F9BE6-5DB5-4C94-9BEA-1ED83E8EA3C1}.Debug|x86.ActiveCfg = Debug|Any CPU
		{C90F9BE6-5DB5-4C94-9BEA-1ED83E8EA3C1}.Debug|x86.Build.0 = Debug|Any CPU
		{C90F9BE6-5DB5-4C94-9BEA-1ED83E8EA3C1}.Release|Any CPU.ActiveCfg = Release|Any CPU
		{C90F9BE6-5DB5-4C94-9BEA-1ED83E8EA3C1}.Release|Any CPU.Build.0 = Release|Any CPU
		{C90F9BE6-5DB5-4C94-9BEA-1ED83E8EA3C1}.Release|x64.ActiveCfg = Release|Any CPU
		{C90F9BE6-5DB5-4C94-9BEA-1ED83E8EA3C1}.Release|x64.Build.0 = Release|Any CPU
		{C90F9BE6-5DB5-4C94-9BEA-1ED83E8EA3C1}.Release|x86.ActiveCfg = Release|Any CPU
		{C90F9BE6-5DB5-4C94-9BEA-1ED83E8EA3C1}.Release|x86.Build.0 = Release|Any CPU
		{9BB37AC1-5F39-4176-B7BD-338F396A9683}.Debug|Any CPU.ActiveCfg = Debug|Any CPU
		{9BB37AC1-5F39-4176-B7BD-338F396A9683}.Debug|Any CPU.Build.0 = Debug|Any CPU
		{9BB37AC1-5F39-4176-B7BD-338F396A9683}.Debug|x64.ActiveCfg = Debug|Any CPU
		{9BB37AC1-5F39-4176-B7BD-338F396A9683}.Debug|x64.Build.0 = Debug|Any CPU
		{9BB37AC1-5F39-4176-B7BD-338F396A9683}.Debug|x86.ActiveCfg = Debug|Any CPU
		{9BB37AC1-5F39-4176-B7BD-338F396A9683}.Debug|x86.Build.0 = Debug|Any CPU
		{9BB37AC1-5F39-4176-B7BD-338F396A9683}.Release|Any CPU.ActiveCfg = Release|Any CPU
		{9BB37AC1-5F39-4176-B7BD-338F396A9683}.Release|Any CPU.Build.0 = Release|Any CPU
		{9BB37AC1-5F39-4176-B7BD-338F396A9683}.Release|x64.ActiveCfg = Release|Any CPU
		{9BB37AC1-5F39-4176-B7BD-338F396A9683}.Release|x64.Build.0 = Release|Any CPU
		{9BB37AC1-5F39-4176-B7BD-338F396A9683}.Release|x86.ActiveCfg = Release|Any CPU
		{9BB37AC1-5F39-4176-B7BD-338F396A9683}.Release|x86.Build.0 = Release|Any CPU
	EndGlobalSection
EndGlobal
